// !$*UTF8*$!
{
	archiveVersion = 1;
	classes = {
	};
	objectVersion = 50;
	objects = {

/* Begin PBXBuildFile section */
		D0D517DF24140E3A002E52A6 /* AppDelegate.swift in Sources */ = {isa = PBXBuildFile; fileRef = D0D517DE24140E3A002E52A6 /* AppDelegate.swift */; };
		D0D517E124140E3A002E52A6 /* ViewController.swift in Sources */ = {isa = PBXBuildFile; fileRef = D0D517E024140E3A002E52A6 /* ViewController.swift */; };
		D0D517E424140E3A002E52A6 /* Main.storyboard in Resources */ = {isa = PBXBuildFile; fileRef = D0D517E224140E3A002E52A6 /* Main.storyboard */; };
		D0D517E624140E3B002E52A6 /* Assets.xcassets in Resources */ = {isa = PBXBuildFile; fileRef = D0D517E524140E3B002E52A6 /* Assets.xcassets */; };
		D0D517E924140E3B002E52A6 /* LaunchScreen.storyboard in Resources */ = {isa = PBXBuildFile; fileRef = D0D517E724140E3B002E52A6 /* LaunchScreen.storyboard */; };
		D0D517F724140E60002E52A6 /* AppDelegate.swift in Sources */ = {isa = PBXBuildFile; fileRef = D0D517F624140E60002E52A6 /* AppDelegate.swift */; };
		D0D517F924140E60002E52A6 /* ViewController.swift in Sources */ = {isa = PBXBuildFile; fileRef = D0D517F824140E60002E52A6 /* ViewController.swift */; };
		D0D517FC24140E60002E52A6 /* Main.storyboard in Resources */ = {isa = PBXBuildFile; fileRef = D0D517FA24140E60002E52A6 /* Main.storyboard */; };
		D0D5180124140E61002E52A6 /* LaunchScreen.storyboard in Resources */ = {isa = PBXBuildFile; fileRef = D0D517FF24140E61002E52A6 /* LaunchScreen.storyboard */; };
		D0D5180724140E7D002E52A6 /* Assets.xcassets in Resources */ = {isa = PBXBuildFile; fileRef = D0D517E524140E3B002E52A6 /* Assets.xcassets */; };
/* End PBXBuildFile section */

/* Begin PBXFileReference section */
		D0D517DB24140E3A002E52A6 /* SimpleECommerce.app */ = {isa = PBXFileReference; explicitFileType = wrapper.application; includeInIndex = 0; path = SimpleECommerce.app; sourceTree = BUILT_PRODUCTS_DIR; };
		D0D517DE24140E3A002E52A6 /* AppDelegate.swift */ = {isa = PBXFileReference; lastKnownFileType = sourcecode.swift; path = AppDelegate.swift; sourceTree = "<group>"; };
		D0D517E024140E3A002E52A6 /* ViewController.swift */ = {isa = PBXFileReference; lastKnownFileType = sourcecode.swift; path = ViewController.swift; sourceTree = "<group>"; };
		D0D517E324140E3A002E52A6 /* Base */ = {isa = PBXFileReference; lastKnownFileType = file.storyboard; name = Base; path = Base.lproj/Main.storyboard; sourceTree = "<group>"; };
		D0D517E524140E3B002E52A6 /* Assets.xcassets */ = {isa = PBXFileReference; lastKnownFileType = folder.assetcatalog; path = Assets.xcassets; sourceTree = "<group>"; };
		D0D517E824140E3B002E52A6 /* Base */ = {isa = PBXFileReference; lastKnownFileType = file.storyboard; name = Base; path = Base.lproj/LaunchScreen.storyboard; sourceTree = "<group>"; };
		D0D517EA24140E3B002E52A6 /* Info.plist */ = {isa = PBXFileReference; lastKnownFileType = text.plist.xml; path = Info.plist; sourceTree = "<group>"; };
		D0D517F424140E60002E52A6 /* SimpleECommerceAdmin.app */ = {isa = PBXFileReference; explicitFileType = wrapper.application; includeInIndex = 0; path = SimpleECommerceAdmin.app; sourceTree = BUILT_PRODUCTS_DIR; };
		D0D517F624140E60002E52A6 /* AppDelegate.swift */ = {isa = PBXFileReference; lastKnownFileType = sourcecode.swift; path = AppDelegate.swift; sourceTree = "<group>"; };
		D0D517F824140E60002E52A6 /* ViewController.swift */ = {isa = PBXFileReference; lastKnownFileType = sourcecode.swift; path = ViewController.swift; sourceTree = "<group>"; };
		D0D517FB24140E60002E52A6 /* Base */ = {isa = PBXFileReference; lastKnownFileType = file.storyboard; name = Base; path = Base.lproj/Main.storyboard; sourceTree = "<group>"; };
		D0D5180024140E61002E52A6 /* Base */ = {isa = PBXFileReference; lastKnownFileType = file.storyboard; name = Base; path = Base.lproj/LaunchScreen.storyboard; sourceTree = "<group>"; };
		D0D5180224140E61002E52A6 /* Info.plist */ = {isa = PBXFileReference; lastKnownFileType = text.plist.xml; path = Info.plist; sourceTree = "<group>"; };
/* End PBXFileReference section */

/* Begin PBXFrameworksBuildPhase section */
		D0D517D824140E3A002E52A6 /* Frameworks */ = {
			isa = PBXFrameworksBuildPhase;
			buildActionMask = 2147483647;
			files = (
			);
			runOnlyForDeploymentPostprocessing = 0;
		};
		D0D517F124140E60002E52A6 /* Frameworks */ = {
			isa = PBXFrameworksBuildPhase;
			buildActionMask = 2147483647;
			files = (
			);
			runOnlyForDeploymentPostprocessing = 0;
		};
/* End PBXFrameworksBuildPhase section */

/* Begin PBXGroup section */
		D0D517D224140E3A002E52A6 = {
			isa = PBXGroup;
			children = (
				D0D5180624140E67002E52A6 /* shared */,
				D0D517DD24140E3A002E52A6 /* SimpleECommerce */,
				D0D517F524140E60002E52A6 /* SimpleECommerceAdmin */,
				D0D517DC24140E3A002E52A6 /* Products */,
			);
			sourceTree = "<group>";
		};
		D0D517DC24140E3A002E52A6 /* Products */ = {
			isa = PBXGroup;
			children = (
				D0D517DB24140E3A002E52A6 /* SimpleECommerce.app */,
				D0D517F424140E60002E52A6 /* SimpleECommerceAdmin.app */,
			);
			name = Products;
			sourceTree = "<group>";
		};
		D0D517DD24140E3A002E52A6 /* SimpleECommerce */ = {
			isa = PBXGroup;
			children = (
				D0D517DE24140E3A002E52A6 /* AppDelegate.swift */,
				D0D517E024140E3A002E52A6 /* ViewController.swift */,
				D0D517E224140E3A002E52A6 /* Main.storyboard */,
				D0D517E724140E3B002E52A6 /* LaunchScreen.storyboard */,
				D0D517EA24140E3B002E52A6 /* Info.plist */,
			);
			path = SimpleECommerce;
			sourceTree = "<group>";
		};
		D0D517F524140E60002E52A6 /* SimpleECommerceAdmin */ = {
			isa = PBXGroup;
			children = (
				D0D517F624140E60002E52A6 /* AppDelegate.swift */,
				D0D517F824140E60002E52A6 /* ViewController.swift */,
				D0D517FA24140E60002E52A6 /* Main.storyboard */,
				D0D517FF24140E61002E52A6 /* LaunchScreen.storyboard */,
				D0D5180224140E61002E52A6 /* Info.plist */,
			);
			path = SimpleECommerceAdmin;
			sourceTree = "<group>";
		};
		D0D5180624140E67002E52A6 /* shared */ = {
			isa = PBXGroup;
			children = (
				D0D517E524140E3B002E52A6 /* Assets.xcassets */,
			);
			path = shared;
			sourceTree = "<group>";
		};
/* End PBXGroup section */

/* Begin PBXNativeTarget section */
		D0D517DA24140E3A002E52A6 /* SimpleECommerce */ = {
			isa = PBXNativeTarget;
			buildConfigurationList = D0D517ED24140E3B002E52A6 /* Build configuration list for PBXNativeTarget "SimpleECommerce" */;
			buildPhases = (
				D0D517D724140E3A002E52A6 /* Sources */,
				D0D517D824140E3A002E52A6 /* Frameworks */,
				D0D517D924140E3A002E52A6 /* Resources */,
			);
			buildRules = (
			);
			dependencies = (
			);
			name = SimpleECommerce;
			productName = SimpleECommerce;
			productReference = D0D517DB24140E3A002E52A6 /* SimpleECommerce.app */;
			productType = "com.apple.product-type.application";
		};
		D0D517F324140E60002E52A6 /* SimpleECommerceAdmin */ = {
			isa = PBXNativeTarget;
			buildConfigurationList = D0D5180324140E61002E52A6 /* Build configuration list for PBXNativeTarget "SimpleECommerceAdmin" */;
			buildPhases = (
				D0D517F024140E60002E52A6 /* Sources */,
				D0D517F124140E60002E52A6 /* Frameworks */,
				D0D517F224140E60002E52A6 /* Resources */,
			);
			buildRules = (
			);
			dependencies = (
			);
			name = SimpleECommerceAdmin;
			productName = SimpleECommerceAdmin;
			productReference = D0D517F424140E60002E52A6 /* SimpleECommerceAdmin.app */;
			productType = "com.apple.product-type.application";
		};
/* End PBXNativeTarget section */

/* Begin PBXProject section */
		D0D517D324140E3A002E52A6 /* Project object */ = {
			isa = PBXProject;
			attributes = {
				LastSwiftUpdateCheck = 1020;
				LastUpgradeCheck = 1020;
				ORGANIZATIONNAME = "Ahmed Ragab";
				TargetAttributes = {
					D0D517DA24140E3A002E52A6 = {
						CreatedOnToolsVersion = 10.2.1;
					};
					D0D517F324140E60002E52A6 = {
						CreatedOnToolsVersion = 10.2.1;
					};
				};
			};
			buildConfigurationList = D0D517D624140E3A002E52A6 /* Build configuration list for PBXProject "SimpleECommerce" */;
			compatibilityVersion = "Xcode 9.3";
			developmentRegion = en;
			hasScannedForEncodings = 0;
			knownRegions = (
				en,
				Base,
			);
			mainGroup = D0D517D224140E3A002E52A6;
			productRefGroup = D0D517DC24140E3A002E52A6 /* Products */;
			projectDirPath = "";
			projectRoot = "";
			targets = (
				D0D517DA24140E3A002E52A6 /* SimpleECommerce */,
				D0D517F324140E60002E52A6 /* SimpleECommerceAdmin */,
			);
		};
/* End PBXProject section */

/* Begin PBXResourcesBuildPhase section */
		D0D517D924140E3A002E52A6 /* Resources */ = {
			isa = PBXResourcesBuildPhase;
			buildActionMask = 2147483647;
			files = (
				D0D517E924140E3B002E52A6 /* LaunchScreen.storyboard in Resources */,
				D0D517E624140E3B002E52A6 /* Assets.xcassets in Resources */,
				D0D517E424140E3A002E52A6 /* Main.storyboard in Resources */,
			);
			runOnlyForDeploymentPostprocessing = 0;
		};
		D0D517F224140E60002E52A6 /* Resources */ = {
			isa = PBXResourcesBuildPhase;
			buildActionMask = 2147483647;
			files = (
				D0D5180124140E61002E52A6 /* LaunchScreen.storyboard in Resources */,
				D0D5180724140E7D002E52A6 /* Assets.xcassets in Resources */,
				D0D517FC24140E60002E52A6 /* Main.storyboard in Resources */,
			);
			runOnlyForDeploymentPostprocessing = 0;
		};
/* End PBXResourcesBuildPhase section */

/* Begin PBXSourcesBuildPhase section */
		D0D517D724140E3A002E52A6 /* Sources */ = {
			isa = PBXSourcesBuildPhase;
			buildActionMask = 2147483647;
			files = (
				D0D517E124140E3A002E52A6 /* ViewController.swift in Sources */,
				D0D517DF24140E3A002E52A6 /* AppDelegate.swift in Sources */,
			);
			runOnlyForDeploymentPostprocessing = 0;
		};
		D0D517F024140E60002E52A6 /* Sources */ = {
			isa = PBXSourcesBuildPhase;
			buildActionMask = 2147483647;
			files = (
				D0D517F924140E60002E52A6 /* ViewController.swift in Sources */,
				D0D517F724140E60002E52A6 /* AppDelegate.swift in Sources */,
			);
			runOnlyForDeploymentPostprocessing = 0;
		};
/* End PBXSourcesBuildPhase section */

/* Begin PBXVariantGroup section */
		D0D517E224140E3A002E52A6 /* Main.storyboard */ = {
			isa = PBXVariantGroup;
			children = (
				D0D517E324140E3A002E52A6 /* Base */,
			);
			name = Main.storyboard;
			sourceTree = "<group>";
		};
		D0D517E724140E3B002E52A6 /* LaunchScreen.storyboard */ = {
			isa = PBXVariantGroup;
			children = (
				D0D517E824140E3B002E52A6 /* Base */,
			);
			name = LaunchScreen.storyboard;
			sourceTree = "<group>";
		};
		D0D517FA24140E60002E52A6 /* Main.storyboard */ = {
			isa = PBXVariantGroup;
			children = (
				D0D517FB24140E60002E52A6 /* Base */,
			);
			name = Main.storyboard;
			sourceTree = "<group>";
		};
		D0D517FF24140E61002E52A6 /* LaunchScreen.storyboard */ = {
			isa = PBXVariantGroup;
			children = (
				D0D5180024140E61002E52A6 /* Base */,
			);
			name = LaunchScreen.storyboard;
			sourceTree = "<group>";
		};
/* End PBXVariantGroup section */

/* Begin XCBuildConfiguration section */
		D0D517EB24140E3B002E52A6 /* Debug */ = {
			isa = XCBuildConfiguration;
			buildSettings = {
				ALWAYS_SEARCH_USER_PATHS = NO;
				CLANG_ANALYZER_NONNULL = YES;
				CLANG_ANALYZER_NUMBER_OBJECT_CONVERSION = YES_AGGRESSIVE;
				CLANG_CXX_LANGUAGE_STANDARD = "gnu++14";
				CLANG_CXX_LIBRARY = "libc++";
				CLANG_ENABLE_MODULES = YES;
				CLANG_ENABLE_OBJC_ARC = YES;
				CLANG_ENABLE_OBJC_WEAK = YES;
				CLANG_WARN_BLOCK_CAPTURE_AUTORELEASING = YES;
				CLANG_WARN_BOOL_CONVERSION = YES;
				CLANG_WARN_COMMA = YES;
				CLANG_WARN_CONSTANT_CONVERSION = YES;
				CLANG_WARN_DEPRECATED_OBJC_IMPLEMENTATIONS = YES;
				CLANG_WARN_DIRECT_OBJC_ISA_USAGE = YES_ERROR;
				CLANG_WARN_DOCUMENTATION_COMMENTS = YES;
				CLANG_WARN_EMPTY_BODY = YES;
				CLANG_WARN_ENUM_CONVERSION = YES;
				CLANG_WARN_INFINITE_RECURSION = YES;
				CLANG_WARN_INT_CONVERSION = YES;
				CLANG_WARN_NON_LITERAL_NULL_CONVERSION = YES;
				CLANG_WARN_OBJC_IMPLICIT_RETAIN_SELF = YES;
				CLANG_WARN_OBJC_LITERAL_CONVERSION = YES;
				CLANG_WARN_OBJC_ROOT_CLASS = YES_ERROR;
				CLANG_WARN_RANGE_LOOP_ANALYSIS = YES;
				CLANG_WARN_STRICT_PROTOTYPES = YES;
				CLANG_WARN_SUSPICIOUS_MOVE = YES;
				CLANG_WARN_UNGUARDED_AVAILABILITY = YES_AGGRESSIVE;
				CLANG_WARN_UNREACHABLE_CODE = YES;
				CLANG_WARN__DUPLICATE_METHOD_MATCH = YES;
				CODE_SIGN_IDENTITY = "iPhone Developer";
				COPY_PHASE_STRIP = NO;
				DEBUG_INFORMATION_FORMAT = dwarf;
				ENABLE_STRICT_OBJC_MSGSEND = YES;
				ENABLE_TESTABILITY = YES;
				GCC_C_LANGUAGE_STANDARD = gnu11;
				GCC_DYNAMIC_NO_PIC = NO;
				GCC_NO_COMMON_BLOCKS = YES;
				GCC_OPTIMIZATION_LEVEL = 0;
				GCC_PREPROCESSOR_DEFINITIONS = (
					"DEBUG=1",
					"$(inherited)",
				);
				GCC_WARN_64_TO_32_BIT_CONVERSION = YES;
				GCC_WARN_ABOUT_RETURN_TYPE = YES_ERROR;
				GCC_WARN_UNDECLARED_SELECTOR = YES;
				GCC_WARN_UNINITIALIZED_AUTOS = YES_AGGRESSIVE;
				GCC_WARN_UNUSED_FUNCTION = YES;
				GCC_WARN_UNUSED_VARIABLE = YES;
				IPHONEOS_DEPLOYMENT_TARGET = 12.2;
				MTL_ENABLE_DEBUG_INFO = INCLUDE_SOURCE;
				MTL_FAST_MATH = YES;
				ONLY_ACTIVE_ARCH = YES;
				SDKROOT = iphoneos;
				SWIFT_ACTIVE_COMPILATION_CONDITIONS = DEBUG;
				SWIFT_OPTIMIZATION_LEVEL = "-Onone";
			};
			name = Debug;
		};
		D0D517EC24140E3B002E52A6 /* Release */ = {
			isa = XCBuildConfiguration;
			buildSettings = {
				ALWAYS_SEARCH_USER_PATHS = NO;
				CLANG_ANALYZER_NONNULL = YES;
				CLANG_ANALYZER_NUMBER_OBJECT_CONVERSION = YES_AGGRESSIVE;
				CLANG_CXX_LANGUAGE_STANDARD = "gnu++14";
				CLANG_CXX_LIBRARY = "libc++";
				CLANG_ENABLE_MODULES = YES;
				CLANG_ENABLE_OBJC_ARC = YES;
				CLANG_ENABLE_OBJC_WEAK = YES;
				CLANG_WARN_BLOCK_CAPTURE_AUTORELEASING = YES;
				CLANG_WARN_BOOL_CONVERSION = YES;
				CLANG_WARN_COMMA = YES;
				CLANG_WARN_CONSTANT_CONVERSION = YES;
				CLANG_WARN_DEPRECATED_OBJC_IMPLEMENTATIONS = YES;
				CLANG_WARN_DIRECT_OBJC_ISA_USAGE = YES_ERROR;
				CLANG_WARN_DOCUMENTATION_COMMENTS = YES;
				CLANG_WARN_EMPTY_BODY = YES;
				CLANG_WARN_ENUM_CONVERSION = YES;
				CLANG_WARN_INFINITE_RECURSION = YES;
				CLANG_WARN_INT_CONVERSION = YES;
				CLANG_WARN_NON_LITERAL_NULL_CONVERSION = YES;
				CLANG_WARN_OBJC_IMPLICIT_RETAIN_SELF = YES;
				CLANG_WARN_OBJC_LITERAL_CONVERSION = YES;
				CLANG_WARN_OBJC_ROOT_CLASS = YES_ERROR;
				CLANG_WARN_RANGE_LOOP_ANALYSIS = YES;
				CLANG_WARN_STRICT_PROTOTYPES = YES;
				CLANG_WARN_SUSPICIOUS_MOVE = YES;
				CLANG_WARN_UNGUARDED_AVAILABILITY = YES_AGGRESSIVE;
				CLANG_WARN_UNREACHABLE_CODE = YES;
				CLANG_WARN__DUPLICATE_METHOD_MATCH = YES;
				CODE_SIGN_IDENTITY = "iPhone Developer";
				COPY_PHASE_STRIP = NO;
				DEBUG_INFORMATION_FORMAT = "dwarf-with-dsym";
				ENABLE_NS_ASSERTIONS = NO;
				ENABLE_STRICT_OBJC_MSGSEND = YES;
				GCC_C_LANGUAGE_STANDARD = gnu11;
				GCC_NO_COMMON_BLOCKS = YES;
				GCC_WARN_64_TO_32_BIT_CONVERSION = YES;
				GCC_WARN_ABOUT_RETURN_TYPE = YES_ERROR;
				GCC_WARN_UNDECLARED_SELECTOR = YES;
				GCC_WARN_UNINITIALIZED_AUTOS = YES_AGGRESSIVE;
				GCC_WARN_UNUSED_FUNCTION = YES;
				GCC_WARN_UNUSED_VARIABLE = YES;
				IPHONEOS_DEPLOYMENT_TARGET = 12.2;
				MTL_ENABLE_DEBUG_INFO = NO;
				MTL_FAST_MATH = YES;
				SDKROOT = iphoneos;
				SWIFT_COMPILATION_MODE = wholemodule;
				SWIFT_OPTIMIZATION_LEVEL = "-O";
				VALIDATE_PRODUCT = YES;
			};
			name = Release;
		};
		D0D517EE24140E3B002E52A6 /* Debug */ = {
			isa = XCBuildConfiguration;
			buildSettings = {
				ASSETCATALOG_COMPILER_APPICON_NAME = AppIcon;
				CODE_SIGN_STYLE = Automatic;
				INFOPLIST_FILE = SimpleECommerce/Info.plist;
				LD_RUNPATH_SEARCH_PATHS = (
					"$(inherited)",
					"@executable_path/Frameworks",
				);
				PRODUCT_BUNDLE_IDENTIFIER = "com.ahmed.-SimpleECommerce.SimpleECommerce";
				PRODUCT_NAME = "$(TARGET_NAME)";
				SWIFT_VERSION = 5.0;
				TARGETED_DEVICE_FAMILY = "1,2";
			};
			name = Debug;
		};
		D0D517EF24140E3B002E52A6 /* Release */ = {
			isa = XCBuildConfiguration;
			buildSettings = {
				ASSETCATALOG_COMPILER_APPICON_NAME = AppIcon;
				CODE_SIGN_STYLE = Automatic;
				INFOPLIST_FILE = SimpleECommerce/Info.plist;
				LD_RUNPATH_SEARCH_PATHS = (
					"$(inherited)",
					"@executable_path/Frameworks",
				);
				PRODUCT_BUNDLE_IDENTIFIER = "com.ahmed.-SimpleECommerce.SimpleECommerce";
				PRODUCT_NAME = "$(TARGET_NAME)";
				SWIFT_VERSION = 5.0;
				TARGETED_DEVICE_FAMILY = "1,2";
			};
			name = Release;
		};
		D0D5180424140E61002E52A6 /* Debug */ = {
			isa = XCBuildConfiguration;
			buildSettings = {
				ASSETCATALOG_COMPILER_APPICON_NAME = AppIcon;
				CODE_SIGN_STYLE = Automatic;
				INFOPLIST_FILE = SimpleECommerceAdmin/Info.plist;
				LD_RUNPATH_SEARCH_PATHS = (
					"$(inherited)",
					"@executable_path/Frameworks",
				);
				PRODUCT_BUNDLE_IDENTIFIER = "com.ahmed.-SimpleECommerceAdmin.SimpleECommerceAdmin";
				PRODUCT_NAME = "$(TARGET_NAME)";
				SWIFT_VERSION = 5.0;
				TARGETED_DEVICE_FAMILY = "1,2";
			};
			name = Debug;
		};
		D0D5180524140E61002E52A6 /* Release */ = {
			isa = XCBuildConfiguration;
			buildSettings = {
				ASSETCATALOG_COMPILER_APPICON_NAME = AppIcon;
				CODE_SIGN_STYLE = Automatic;
				INFOPLIST_FILE = SimpleECommerceAdmin/Info.plist;
				LD_RUNPATH_SEARCH_PATHS = (
					"$(inherited)",
					"@executable_path/Frameworks",
				);
				PRODUCT_BUNDLE_IDENTIFIER = "com.ahmed.-SimpleECommerceAdmin.SimpleECommerceAdmin";
				PRODUCT_NAME = "$(TARGET_NAME)";
				SWIFT_VERSION = 5.0;
				TARGETED_DEVICE_FAMILY = "1,2";
			};
			name = Release;
		};
/* End XCBuildConfiguration section */

/* Begin XCConfigurationList section */
		D0D517D624140E3A002E52A6 /* Build configuration list for PBXProject "SimpleECommerce" */ = {
			isa = XCConfigurationList;
			buildConfigurations = (
				D0D517EB24140E3B002E52A6 /* Debug */,
				D0D517EC24140E3B002E52A6 /* Release */,
			);
			defaultConfigurationIsVisible = 0;
			defaultConfigurationName = Release;
		};
		D0D517ED24140E3B002E52A6 /* Build configuration list for PBXNativeTarget "SimpleECommerce" */ = {
			isa = XCConfigurationList;
			buildConfigurations = (
				D0D517EE24140E3B002E52A6 /* Debug */,
				D0D517EF24140E3B002E52A6 /* Release */,
			);
			defaultConfigurationIsVisible = 0;
			defaultConfigurationName = Release;
		};
		D0D5180324140E61002E52A6 /* Build configuration list for PBXNativeTarget "SimpleECommerceAdmin" */ = {
			isa = XCConfigurationList;
			buildConfigurations = (
				D0D5180424140E61002E52A6 /* Debug */,
				D0D5180524140E61002E52A6 /* Release */,
			);
			defaultConfigurationIsVisible = 0;
			defaultConfigurationName = Release;
		};
/* End XCConfigurationList section */
	};
	rootObject = D0D517D324140E3A002E52A6 /* Project object */;
}
